// !$*UTF8*$!
{
	archiveVersion = 1;
	classes = {
	};
	objectVersion = 46;
	objects = {

/* Begin PBXBuildFile section */
		C49A96801D5241DA000CC381 /* AppDelegate.swift in Sources */ = {isa = PBXBuildFile; fileRef = C49A967F1D5241DA000CC381 /* AppDelegate.swift */; };
		C49A96821D5241DA000CC381 /* ViewController.swift in Sources */ = {isa = PBXBuildFile; fileRef = C49A96811D5241DA000CC381 /* ViewController.swift */; };
		C49A96851D5241DA000CC381 /* Main.storyboard in Resources */ = {isa = PBXBuildFile; fileRef = C49A96831D5241DA000CC381 /* Main.storyboard */; };
		C49A96871D5241DA000CC381 /* Assets.xcassets in Resources */ = {isa = PBXBuildFile; fileRef = C49A96861D5241DA000CC381 /* Assets.xcassets */; };
		C49A968A1D5241DA000CC381 /* LaunchScreen.storyboard in Resources */ = {isa = PBXBuildFile; fileRef = C49A96881D5241DA000CC381 /* LaunchScreen.storyboard */; };
		C49A96941D5245B7000CC381 /* Fabric.framework in Frameworks */ = {isa = PBXBuildFile; fileRef = C49A96921D5245B7000CC381 /* Fabric.framework */; };
		C49A96951D5245B7000CC381 /* Crashlytics.framework in Frameworks */ = {isa = PBXBuildFile; fileRef = C49A96931D5245B7000CC381 /* Crashlytics.framework */; };
/* End PBXBuildFile section */

/* Begin PBXFileReference section */
		C49A967C1D5241DA000CC381 /* fabric0802.app */ = {isa = PBXFileReference; explicitFileType = wrapper.application; includeInIndex = 0; path = fabric0802.app; sourceTree = BUILT_PRODUCTS_DIR; };
		C49A967F1D5241DA000CC381 /* AppDelegate.swift */ = {isa = PBXFileReference; lastKnownFileType = sourcecode.swift; path = AppDelegate.swift; sourceTree = "<group>"; };
		C49A96811D5241DA000CC381 /* ViewController.swift */ = {isa = PBXFileReference; lastKnownFileType = sourcecode.swift; path = ViewController.swift; sourceTree = "<group>"; };
		C49A96841D5241DA000CC381 /* Base */ = {isa = PBXFileReference; lastKnownFileType = file.storyboard; name = Base; path = Base.lproj/Main.storyboard; sourceTree = "<group>"; };
		C49A96861D5241DA000CC381 /* Assets.xcassets */ = {isa = PBXFileReference; lastKnownFileType = folder.assetcatalog; path = Assets.xcassets; sourceTree = "<group>"; };
		C49A96891D5241DA000CC381 /* Base */ = {isa = PBXFileReference; lastKnownFileType = file.storyboard; name = Base; path = Base.lproj/LaunchScreen.storyboard; sourceTree = "<group>"; };
		C49A968B1D5241DA000CC381 /* Info.plist */ = {isa = PBXFileReference; lastKnownFileType = text.plist.xml; path = Info.plist; sourceTree = "<group>"; };
		C49A96921D5245B7000CC381 /* Fabric.framework */ = {isa = PBXFileReference; lastKnownFileType = wrapper.framework; path = Fabric.framework; sourceTree = "<group>"; };
		C49A96931D5245B7000CC381 /* Crashlytics.framework */ = {isa = PBXFileReference; lastKnownFileType = wrapper.framework; path = Crashlytics.framework; sourceTree = "<group>"; };
/* End PBXFileReference section */

/* Begin PBXFrameworksBuildPhase section */
		C49A96791D5241DA000CC381 /* Frameworks */ = {
			isa = PBXFrameworksBuildPhase;
			buildActionMask = 2147483647;
			files = (
				C49A96951D5245B7000CC381 /* Crashlytics.framework in Frameworks */,
				C49A96941D5245B7000CC381 /* Fabric.framework in Frameworks */,
			);
			runOnlyForDeploymentPostprocessing = 0;
		};
/* End PBXFrameworksBuildPhase section */

/* Begin PBXGroup section */
		C49A96731D5241DA000CC381 = {
			isa = PBXGroup;
			children = (
				C49A967E1D5241DA000CC381 /* fabric0802 */,
				C49A967D1D5241DA000CC381 /* Products */,
				C49A96921D5245B7000CC381 /* Fabric.framework */,
				C49A96931D5245B7000CC381 /* Crashlytics.framework */,
			);
			sourceTree = "<group>";
		};
		C49A967D1D5241DA000CC381 /* Products */ = {
			isa = PBXGroup;
			children = (
				C49A967C1D5241DA000CC381 /* fabric0802.app */,
			);
			name = Products;
			sourceTree = "<group>";
		};
		C49A967E1D5241DA000CC381 /* fabric0802 */ = {
			isa = PBXGroup;
			children = (
				C49A967F1D5241DA000CC381 /* AppDelegate.swift */,
				C49A96811D5241DA000CC381 /* ViewController.swift */,
				C49A96831D5241DA000CC381 /* Main.storyboard */,
				C49A96861D5241DA000CC381 /* Assets.xcassets */,
				C49A96881D5241DA000CC381 /* LaunchScreen.storyboard */,
				C49A968B1D5241DA000CC381 /* Info.plist */,
			);
			path = fabric0802;
			sourceTree = "<group>";
		};
/* End PBXGroup section */

/* Begin PBXNativeTarget section */
		C49A967B1D5241DA000CC381 /* fabric0802 */ = {
			isa = PBXNativeTarget;
			buildConfigurationList = C49A968E1D5241DA000CC381 /* Build configuration list for PBXNativeTarget "fabric0802" */;
			buildPhases = (
				C49A96781D5241DA000CC381 /* Sources */,
				C49A96791D5241DA000CC381 /* Frameworks */,
				C49A967A1D5241DA000CC381 /* Resources */,
				C49A96911D52456E000CC381 /* ShellScript */,
			);
			buildRules = (
			);
			dependencies = (
			);
			name = fabric0802;
			productName = fabric0802;
			productReference = C49A967C1D5241DA000CC381 /* fabric0802.app */;
			productType = "com.apple.product-type.application";
		};
/* End PBXNativeTarget section */

/* Begin PBXProject section */
		C49A96741D5241DA000CC381 /* Project object */ = {
			isa = PBXProject;
			attributes = {
				LastSwiftUpdateCheck = 0730;
				LastUpgradeCheck = 0730;
				ORGANIZATIONNAME = "@ demand;";
				TargetAttributes = {
					C49A967B1D5241DA000CC381 = {
						CreatedOnToolsVersion = 7.3.1;
						DevelopmentTeam = NT3TRSW8E2;
					};
				};
			};
			buildConfigurationList = C49A96771D5241DA000CC381 /* Build configuration list for PBXProject "fabric0802" */;
			compatibilityVersion = "Xcode 3.2";
			developmentRegion = English;
			hasScannedForEncodings = 0;
			knownRegions = (
				en,
				Base,
			);
			mainGroup = C49A96731D5241DA000CC381;
			productRefGroup = C49A967D1D5241DA000CC381 /* Products */;
			projectDirPath = "";
			projectRoot = "";
			targets = (
				C49A967B1D5241DA000CC381 /* fabric0802 */,
			);
		};
/* End PBXProject section */

/* Begin PBXResourcesBuildPhase section */
		C49A967A1D5241DA000CC381 /* Resources */ = {
			isa = PBXResourcesBuildPhase;
			buildActionMask = 2147483647;
			files = (
				C49A968A1D5241DA000CC381 /* LaunchScreen.storyboard in Resources */,
				C49A96871D5241DA000CC381 /* Assets.xcassets in Resources */,
				C49A96851D5241DA000CC381 /* Main.storyboard in Resources */,
			);
			runOnlyForDeploymentPostprocessing = 0;
		};
/* End PBXResourcesBuildPhase section */

/* Begin PBXShellScriptBuildPhase section */
		C49A96911D52456E000CC381 /* ShellScript */ = {
			isa = PBXShellScriptBuildPhase;
			buildActionMask = 2147483647;
			files = (
			);
			inputPaths = (
			);
			outputPaths = (
			);
			runOnlyForDeploymentPostprocessing = 0;
			shellPath = /bin/sh;
			shellScript = "./Fabric.framework/run 025b6af548d90d8e5e24f1563ffd8267686a7405 aceaed7be19245e139fe0e317c6cf01bb0acd227283bda1dd871079d67240781";
		};
/* End PBXShellScriptBuildPhase section */

/* Begin PBXSourcesBuildPhase section */
		C49A96781D5241DA000CC381 /* Sources */ = {
			isa = PBXSourcesBuildPhase;
			buildActionMask = 2147483647;
			files = (
				C49A96821D5241DA000CC381 /* ViewController.swift in Sources */,
				C49A96801D5241DA000CC381 /* AppDelegate.swift in Sources */,
			);
			runOnlyForDeploymentPostprocessing = 0;
		};
/* End PBXSourcesBuildPhase section */

/* Begin PBXVariantGroup section */
		C49A96831D5241DA000CC381 /* Main.storyboard */ = {
			isa = PBXVariantGroup;
			children = (
				C49A96841D5241DA000CC381 /* Base */,
			);
			name = Main.storyboard;
			sourceTree = "<group>";
		};
		C49A96881D5241DA000CC381 /* LaunchScreen.storyboard */ = {
			isa = PBXVariantGroup;
			children = (
				C49A96891D5241DA000CC381 /* Base */,
			);
			name = LaunchScreen.storyboard;
			sourceTree = "<group>";
		};
/* End PBXVariantGroup section */

/* Begin XCBuildConfiguration section */
		C49A968C1D5241DA000CC381 /* Debug */ = {
			isa = XCBuildConfiguration;
			buildSettings = {
				ALWAYS_SEARCH_USER_PATHS = NO;
				CLANG_ANALYZER_NONNULL = YES;
				CLANG_CXX_LANGUAGE_STANDARD = "gnu++0x";
				CLANG_CXX_LIBRARY = "libc++";
				CLANG_ENABLE_MODULES = YES;
				CLANG_ENABLE_OBJC_ARC = YES;
				CLANG_WARN_BOOL_CONVERSION = YES;
				CLANG_WARN_CONSTANT_CONVERSION = YES;
				CLANG_WARN_DIRECT_OBJC_ISA_USAGE = YES_ERROR;
				CLANG_WARN_EMPTY_BODY = YES;
				CLANG_WARN_ENUM_CONVERSION = YES;
				CLANG_WARN_INT_CONVERSION = YES;
				CLANG_WARN_OBJC_ROOT_CLASS = YES_ERROR;
				CLANG_WARN_UNREACHABLE_CODE = YES;
				CLANG_WARN__DUPLICATE_METHOD_MATCH = YES;
				"CODE_SIGN_IDENTITY[sdk=iphoneos*]" = "iPhone Developer";
				COPY_PHASE_STRIP = NO;
				DEBUG_INFORMATION_FORMAT = dwarf;
				ENABLE_STRICT_OBJC_MSGSEND = YES;
				ENABLE_TESTABILITY = YES;
				GCC_C_LANGUAGE_STANDARD = gnu99;
				GCC_DYNAMIC_NO_PIC = NO;
				GCC_NO_COMMON_BLOCKS = YES;
				GCC_OPTIMIZATION_LEVEL = 0;
				GCC_PREPROCESSOR_DEFINITIONS = (
					"DEBUG=1",
					"$(inherited)",
				);
				GCC_WARN_64_TO_32_BIT_CONVERSION = YES;
				GCC_WARN_ABOUT_RETURN_TYPE = YES_ERROR;
				GCC_WARN_UNDECLARED_SELECTOR = YES;
				GCC_WARN_UNINITIALIZED_AUTOS = YES_AGGRESSIVE;
				GCC_WARN_UNUSED_FUNCTION = YES;
				GCC_WARN_UNUSED_VARIABLE = YES;
				IPHONEOS_DEPLOYMENT_TARGET = 9.3;
				MTL_ENABLE_DEBUG_INFO = YES;
				ONLY_ACTIVE_ARCH = YES;
				SDKROOT = iphoneos;
				SWIFT_OPTIMIZATION_LEVEL = "-Onone";
				TARGETED_DEVICE_FAMILY = "1,2";
			};
			name = Debug;
		};
		C49A968D1D5241DA000CC381 /* Release */ = {
			isa = XCBuildConfiguration;
			buildSettings = {
				ALWAYS_SEARCH_USER_PATHS = NO;
				CLANG_ANALYZER_NONNULL = YES;
				CLANG_CXX_LANGUAGE_STANDARD = "gnu++0x";
				CLANG_CXX_LIBRARY = "libc++";
				CLANG_ENABLE_MODULES = YES;
				CLANG_ENABLE_OBJC_ARC = YES;
				CLANG_WARN_BOOL_CONVERSION = YES;
				CLANG_WARN_CONSTANT_CONVERSION = YES;
				CLANG_WARN_DIRECT_OBJC_ISA_USAGE = YES_ERROR;
				CLANG_WARN_EMPTY_BODY = YES;
				CLANG_WARN_ENUM_CONVERSION = YES;
				CLANG_WARN_INT_CONVERSION = YES;
				CLANG_WARN_OBJC_ROOT_CLASS = YES_ERROR;
				CLANG_WARN_UNREACHABLE_CODE = YES;
				CLANG_WARN__DUPLICATE_METHOD_MATCH = YES;
				"CODE_SIGN_IDENTITY[sdk=iphoneos*]" = "iPhone Developer";
				COPY_PHASE_STRIP = NO;
				DEBUG_INFORMATION_FORMAT = "dwarf-with-dsym";
				ENABLE_NS_ASSERTIONS = NO;
				ENABLE_STRICT_OBJC_MSGSEND = YES;
				GCC_C_LANGUAGE_STANDARD = gnu99;
				GCC_NO_COMMON_BLOCKS = YES;
				GCC_WARN_64_TO_32_BIT_CONVERSION = YES;
				GCC_WARN_ABOUT_RETURN_TYPE = YES_ERROR;
				GCC_WARN_UNDECLARED_SELECTOR = YES;
				GCC_WARN_UNINITIALIZED_AUTOS = YES_AGGRESSIVE;
				GCC_WARN_UNUSED_FUNCTION = YES;
				GCC_WARN_UNUSED_VARIABLE = YES;
				IPHONEOS_DEPLOYMENT_TARGET = 9.3;
				MTL_ENABLE_DEBUG_INFO = NO;
				SDKROOT = iphoneos;
				TARGETED_DEVICE_FAMILY = "1,2";
				VALIDATE_PRODUCT = YES;
			};
			name = Release;
		};
		C49A968F1D5241DA000CC381 /* Debug */ = {
			isa = XCBuildConfiguration;
			buildSettings = {
				ASSETCATALOG_COMPILER_APPICON_NAME = AppIcon;
				DEBUG_INFORMATION_FORMAT = "dwarf-with-dsym";
				FRAMEWORK_SEARCH_PATHS = (
					"$(inherited)",
					"$(PROJECT_DIR)",
				);
				INFOPLIST_FILE = fabric0802/Info.plist;
				LD_RUNPATH_SEARCH_PATHS = "$(inherited) @executable_path/Frameworks";
				PRODUCT_BUNDLE_IDENTIFIER = net.pixnet.toyboy17.fabric0802;
				PRODUCT_NAME = "$(TARGET_NAME)";
			};
			name = Debug;
		};
		C49A96901D5241DA000CC381 /* Release */ = {
			isa = XCBuildConfiguration;
			buildSettings = {
				ASSETCATALOG_COMPILER_APPICON_NAME = AppIcon;
				DEBUG_INFORMATION_FORMAT = "dwarf-with-dsym";
				FRAMEWORK_SEARCH_PATHS = (
					"$(inherited)",
					"$(PROJECT_DIR)",
				);
				INFOPLIST_FILE = fabric0802/Info.plist;
				LD_RUNPATH_SEARCH_PATHS = "$(inherited) @executable_path/Frameworks";
				PRODUCT_BUNDLE_IDENTIFIER = net.pixnet.toyboy17.fabric0802;
				PRODUCT_NAME = "$(TARGET_NAME)";
			};
			name = Release;
		};
/* End XCBuildConfiguration section */

/* Begin XCConfigurationList section */
		C49A96771D5241DA000CC381 /* Build configuration list for PBXProject "fabric0802" */ = {
			isa = XCConfigurationList;
			buildConfigurations = (
				C49A968C1D5241DA000CC381 /* Debug */,
				C49A968D1D5241DA000CC381 /* Release */,
			);
			defaultConfigurationIsVisible = 0;
			defaultConfigurationName = Release;
		};
		C49A968E1D5241DA000CC381 /* Build configuration list for PBXNativeTarget "fabric0802" */ = {
			isa = XCConfigurationList;
			buildConfigurations = (
				C49A968F1D5241DA000CC381 /* Debug */,
				C49A96901D5241DA000CC381 /* Release */,
			);
			defaultConfigurationIsVisible = 0;
		};
/* End XCConfigurationList section */
	};
	rootObject = C49A96741D5241DA000CC381 /* Project object */;
}
